core:changelogs:
  - content: "---\npackages:\n  npm:@minpeter/pss-runtime:\n    type: patch\n---\n\n## Strengthen runtime indexed access checks\n\nType-check shipped runtime source with `noUncheckedIndexedAccess` and document the staged exact-optional migration baseline without diagnostic suppressions.\n"
    filename: 2026-08-06-runtime-indexed-access-strictness.md
    v: 0.0.0
core:packages:
  - id: npm:@minpeter/pss-coding-agent
    updated: false
  - id: npm:@minpeter/pss-extension-latex
    updated: false
  - id: npm:@minpeter/pss-extension-mermaid
    updated: false
  - id: npm:@minpeter/pss-extension-web
    updated: false
  - changelogIds:
      - 2026-08-06-runtime-indexed-access-strictness.md
    id: npm:@minpeter/pss-runtime
    updated: true
npm:packages:
  - distTag: next
    id: npm:@minpeter/pss-coding-agent
  - distTag: latest
    id: npm:@minpeter/pss-extension-latex
  - distTag: latest
    id: npm:@minpeter/pss-extension-mermaid
  - distTag: latest
    id: npm:@minpeter/pss-extension-web
  - distTag: next
    id: npm:@minpeter/pss-runtime
